
Microsoft Visual Studio Solution File, Format Version 12.00
# Visual Studio Version 16
VisualStudioVersion = 16.0.31624.102
MinimumVisualStudioVersion = 10.0.40219.1
Project("{FAE04EC0-301F-11D3-BF4B-00C04F79EFBC}") = "PedidoProduto", "PedidoProduto\PedidoProduto.csproj", "{AE2FFDEC-4D28-405F-ACC5-5B21E2C96D54}"
EndProject
Global
	GlobalSection(SolutionConfigurationPlatforms) = preSolution
		Debug|Any CPU = Debug|Any CPU
		Release|Any CPU = Release|Any CPU
	EndGlobalSection
	GlobalSection(ProjectConfigurationPlatforms) = postSolution
		{AE2FFDEC-4D28-405F-ACC5-5B21E2C96D54}.Debug|Any CPU.ActiveCfg = Debug|Any CPU
		{AE2FFDEC-4D28-405F-ACC5-5B21E2C96D54}.Debug|Any CPU.Build.0 = Debug|Any CPU
		{AE2FFDEC-4D28-405F-ACC5-5B21E2C96D54}.Release|Any CPU.ActiveCfg = Release|Any CPU
		{AE2FFDEC-4D28-405F-ACC5-5B21E2C96D54}.Release|Any CPU.Build.0 = Release|Any CPU
	EndGlobalSection
	GlobalSection(SolutionProperties) = preSolution
		HideSolutionNode = FALSE
	EndGlobalSection
	GlobalSection(ExtensibilityGlobals) = postSolution
		SolutionGuid = {D7A84955-31E6-4AF3-81C1-3D0B71D2E59D}
	EndGlobalSection
EndGlobal
